
Microsoft Visual Studio Solution File, Format Version 12.00
# Visual Studio Version 16
VisualStudioVersion = 16.0.29709.97
MinimumVisualStudioVersion = 10.0.40219.1
Project("{FAE04EC0-301F-11D3-BF4B-00C04F79EFBC}") = "DMBDDV_1_0", "DMBDDV_1_0\DMBDDV_1_0.csproj", "{3AE54276-273C-4294-BF87-4EB7DE8C3DE5}"
EndProject
Global
	GlobalSection(SolutionConfigurationPlatforms) = preSolution
		Debug|Any CPU = Debug|Any CPU
		Release|Any CPU = Release|Any CPU
	EndGlobalSection
	GlobalSection(ProjectConfigurationPlatforms) = postSolution
		{3AE54276-273C-4294-BF87-4EB7DE8C3DE5}.Debug|Any CPU.ActiveCfg = Debug|Any CPU
		{3AE54276-273C-4294-BF87-4EB7DE8C3DE5}.Debug|Any CPU.Build.0 = Debug|Any CPU
		{3AE54276-273C-4294-BF87-4EB7DE8C3DE5}.Release|Any CPU.ActiveCfg = Release|Any CPU
		{3AE54276-273C-4294-BF87-4EB7DE8C3DE5}.Release|Any CPU.Build.0 = Release|Any CPU
	EndGlobalSection
	GlobalSection(SolutionProperties) = preSolution
		HideSolutionNode = FALSE
	EndGlobalSection
	GlobalSection(ExtensibilityGlobals) = postSolution
		SolutionGuid = {F11BC57C-475F-4234-BC57-49F324B99510}
	EndGlobalSection
EndGlobal
